
Microsoft Visual Studio Solution File, Format Version 12.00
# Visual Studio Version 16
VisualStudioVersion = 16.0.31624.102
MinimumVisualStudioVersion = 10.0.40219.1
Project("{2150E333-8FDC-42A3-9474-1A3956D46DE8}") = "Services", "Services", "{1B469B45-CA83-4CA9-9A62-ADF9E5D67558}"
EndProject
Project("{2150E333-8FDC-42A3-9474-1A3956D46DE8}") = "Measurement", "Measurement", "{C5B1B33F-CB22-4B2A-A512-CFDB272581B1}"
EndProject
Project("{9A19103F-16F7-4668-BE54-9A1E7A4F7556}") = "Measurement.API", "Services\Measurement\Measurement.API\Measurement.API.csproj", "{BAE81E71-27AF-44DB-8962-24BBAFB90BE0}"
EndProject
Project("{E53339B2-1760-4266-BCC7-CA923CBCF16C}") = "docker-compose", "docker-compose.dcproj", "{4149CE92-C665-4320-826E-406D5080D744}"
EndProject
Project("{9A19103F-16F7-4668-BE54-9A1E7A4F7556}") = "Measurement.Grpc", "Services\Measurement\Measurement.Grpc\Measurement.Grpc.csproj", "{63F3B035-51BA-44A8-B75B-7F99871A840A}"
EndProject
Global
	GlobalSection(SolutionConfigurationPlatforms) = preSolution
		Debug|Any CPU = Debug|Any CPU
		Release|Any CPU = Release|Any CPU
	EndGlobalSection
	GlobalSection(ProjectConfigurationPlatforms) = postSolution
		{BAE81E71-27AF-44DB-8962-24BBAFB90BE0}.Debug|Any CPU.ActiveCfg = Debug|Any CPU
		{BAE81E71-27AF-44DB-8962-24BBAFB90BE0}.Debug|Any CPU.Build.0 = Debug|Any CPU
		{BAE81E71-27AF-44DB-8962-24BBAFB90BE0}.Release|Any CPU.ActiveCfg = Release|Any CPU
		{BAE81E71-27AF-44DB-8962-24BBAFB90BE0}.Release|Any CPU.Build.0 = Release|Any CPU
		{4149CE92-C665-4320-826E-406D5080D744}.Debug|Any CPU.ActiveCfg = Debug|Any CPU
		{4149CE92-C665-4320-826E-406D5080D744}.Debug|Any CPU.Build.0 = Debug|Any CPU
		{4149CE92-C665-4320-826E-406D5080D744}.Release|Any CPU.ActiveCfg = Release|Any CPU
		{4149CE92-C665-4320-826E-406D5080D744}.Release|Any CPU.Build.0 = Release|Any CPU
		{63F3B035-51BA-44A8-B75B-7F99871A840A}.Debug|Any CPU.ActiveCfg = Debug|Any CPU
		{63F3B035-51BA-44A8-B75B-7F99871A840A}.Debug|Any CPU.Build.0 = Debug|Any CPU
		{63F3B035-51BA-44A8-B75B-7F99871A840A}.Release|Any CPU.ActiveCfg = Release|Any CPU
		{63F3B035-51BA-44A8-B75B-7F99871A840A}.Release|Any CPU.Build.0 = Release|Any CPU
	EndGlobalSection
	GlobalSection(SolutionProperties) = preSolution
		HideSolutionNode = FALSE
	EndGlobalSection
	GlobalSection(NestedProjects) = preSolution
		{C5B1B33F-CB22-4B2A-A512-CFDB272581B1} = {1B469B45-CA83-4CA9-9A62-ADF9E5D67558}
		{BAE81E71-27AF-44DB-8962-24BBAFB90BE0} = {C5B1B33F-CB22-4B2A-A512-CFDB272581B1}
		{63F3B035-51BA-44A8-B75B-7F99871A840A} = {C5B1B33F-CB22-4B2A-A512-CFDB272581B1}
	EndGlobalSection
	GlobalSection(ExtensibilityGlobals) = postSolution
		SolutionGuid = {884CEFA9-BF84-4837-9FE8-3509C324D468}
	EndGlobalSection
EndGlobal
